
Microsoft Visual Studio Solution File, Format Version 12.00
# Visual Studio Version 17
VisualStudioVersion = 17.10.35013.160
MinimumVisualStudioVersion = 10.0.40219.1
Project("{FAE04EC0-301F-11D3-BF4B-00C04F79EFBC}") = "TRYINGSMT", "TRYINGSMT\TRYINGSMT.csproj", "{3ECB0EE4-84C0-4340-A21C-2FD3D352071F}"
EndProject
Global
	GlobalSection(SolutionConfigurationPlatforms) = preSolution
		Debug|Any CPU = Debug|Any CPU
		Release|Any CPU = Release|Any CPU
	EndGlobalSection
	GlobalSection(ProjectConfigurationPlatforms) = postSolution
		{3ECB0EE4-84C0-4340-A21C-2FD3D352071F}.Debug|Any CPU.ActiveCfg = Debug|Any CPU
		{3ECB0EE4-84C0-4340-A21C-2FD3D352071F}.Debug|Any CPU.Build.0 = Debug|Any CPU
		{3ECB0EE4-84C0-4340-A21C-2FD3D352071F}.Release|Any CPU.ActiveCfg = Release|Any CPU
		{3ECB0EE4-84C0-4340-A21C-2FD3D352071F}.Release|Any CPU.Build.0 = Release|Any CPU
	EndGlobalSection
	GlobalSection(SolutionProperties) = preSolution
		HideSolutionNode = FALSE
	EndGlobalSection
	GlobalSection(ExtensibilityGlobals) = postSolution
		SolutionGuid = {2CD7F1C2-3715-42CD-AA9F-1DA7E1864A92}
	EndGlobalSection
EndGlobal
